
Microsoft Visual Studio Solution File, Format Version 12.00
# Visual Studio Version 17
VisualStudioVersion = 17.14.36623.8
MinimumVisualStudioVersion = 10.0.40219.1
Project("{FAE04EC0-301F-11D3-BF4B-00C04F79EFBC}") = "TempElementsConsoleApp", "ConsoleApp1\TempElementsConsoleApp.csproj", "{6DC7BBE1-843C-4650-83B7-CEEB8D6611B8}"
EndProject
Project("{FAE04EC0-301F-11D3-BF4B-00C04F79EFBC}") = "ZadanieUnitTests", "ZadanieUnitTests\ZadanieUnitTests.csproj", "{953E2A71-F9CA-4AEE-9762-51AC868B75A9}"
EndProject
Project("{FAE04EC0-301F-11D3-BF4B-00C04F79EFBC}") = "TempElementsLib", "ClassLibrary1\TempElementsLib.csproj", "{5C19E255-F3AE-4B66-AD1E-AB27186CDAFD}"
EndProject
Global
	GlobalSection(SolutionConfigurationPlatforms) = preSolution
		Debug|Any CPU = Debug|Any CPU
		Release|Any CPU = Release|Any CPU
	EndGlobalSection
	GlobalSection(ProjectConfigurationPlatforms) = postSolution
		{6DC7BBE1-843C-4650-83B7-CEEB8D6611B8}.Debug|Any CPU.ActiveCfg = Debug|Any CPU
		{6DC7BBE1-843C-4650-83B7-CEEB8D6611B8}.Debug|Any CPU.Build.0 = Debug|Any CPU
		{6DC7BBE1-843C-4650-83B7-CEEB8D6611B8}.Release|Any CPU.ActiveCfg = Release|Any CPU
		{6DC7BBE1-843C-4650-83B7-CEEB8D6611B8}.Release|Any CPU.Build.0 = Release|Any CPU
		{953E2A71-F9CA-4AEE-9762-51AC868B75A9}.Debug|Any CPU.ActiveCfg = Debug|Any CPU
		{953E2A71-F9CA-4AEE-9762-51AC868B75A9}.Debug|Any CPU.Build.0 = Debug|Any CPU
		{953E2A71-F9CA-4AEE-9762-51AC868B75A9}.Release|Any CPU.ActiveCfg = Release|Any CPU
		{953E2A71-F9CA-4AEE-9762-51AC868B75A9}.Release|Any CPU.Build.0 = Release|Any CPU
		{5C19E255-F3AE-4B66-AD1E-AB27186CDAFD}.Debug|Any CPU.ActiveCfg = Debug|Any CPU
		{5C19E255-F3AE-4B66-AD1E-AB27186CDAFD}.Debug|Any CPU.Build.0 = Debug|Any CPU
		{5C19E255-F3AE-4B66-AD1E-AB27186CDAFD}.Release|Any CPU.ActiveCfg = Release|Any CPU
		{5C19E255-F3AE-4B66-AD1E-AB27186CDAFD}.Release|Any CPU.Build.0 = Release|Any CPU
	EndGlobalSection
	GlobalSection(SolutionProperties) = preSolution
		HideSolutionNode = FALSE
	EndGlobalSection
	GlobalSection(ExtensibilityGlobals) = postSolution
		SolutionGuid = {BC23B6AC-F74B-446E-9235-87B9D65A0009}
	EndGlobalSection
EndGlobal
